
Microsoft Visual Studio Solution File, Format Version 12.00
# Visual Studio 15
VisualStudioVersion = 15.0.27703.2047
MinimumVisualStudioVersion = 10.0.40219.1
Project("{FAE04EC0-301F-11D3-BF4B-00C04F79EFBC}") = "HL7Interface", "HL7Interface\HL7Interface.csproj", "{DB0F4680-50B7-4062-AC4A-8A57BC3D7B82}"
EndProject
Project("{FAE04EC0-301F-11D3-BF4B-00C04F79EFBC}") = "HL7Interface.Tests", "HL7Interface.Tests\HL7Interface.Tests.csproj", "{A51A3B6E-2D29-4E45-9F49-121DEB87662A}"
EndProject
Project("{FAE04EC0-301F-11D3-BF4B-00C04F79EFBC}") = "HL7api.Tests", "HL7api.Tests\HL7api.Tests.csproj", "{82D763FE-0364-43D0-B30D-C327B38787F5}"
EndProject
Project("{FAE04EC0-301F-11D3-BF4B-00C04F79EFBC}") = "HL7api", "Y:\HL7Interface\HL7Interface\HL7api\HL7api.csproj", "{160740A5-90C5-4A59-B358-65A4185CC753}"
EndProject
Project("{FAE04EC0-301F-11D3-BF4B-00C04F79EFBC}") = "HL7api.V251", "Y:\HL7Interface\HL7Interface\HL7api.V251\HL7api.V251.csproj", "{1DC2BF49-6257-4B95-895B-111DE7BA5A89}"
EndProject
Global
	GlobalSection(SolutionConfigurationPlatforms) = preSolution
		Debug|Any CPU = Debug|Any CPU
		Release|Any CPU = Release|Any CPU
	EndGlobalSection
	GlobalSection(ProjectConfigurationPlatforms) = postSolution
		{DB0F4680-50B7-4062-AC4A-8A57BC3D7B82}.Debug|Any CPU.ActiveCfg = Debug|Any CPU
		{DB0F4680-50B7-4062-AC4A-8A57BC3D7B82}.Debug|Any CPU.Build.0 = Debug|Any CPU
		{DB0F4680-50B7-4062-AC4A-8A57BC3D7B82}.Release|Any CPU.ActiveCfg = Release|Any CPU
		{DB0F4680-50B7-4062-AC4A-8A57BC3D7B82}.Release|Any CPU.Build.0 = Release|Any CPU
		{A51A3B6E-2D29-4E45-9F49-121DEB87662A}.Debug|Any CPU.ActiveCfg = Debug|Any CPU
		{A51A3B6E-2D29-4E45-9F49-121DEB87662A}.Debug|Any CPU.Build.0 = Debug|Any CPU
		{A51A3B6E-2D29-4E45-9F49-121DEB87662A}.Release|Any CPU.ActiveCfg = Release|Any CPU
		{A51A3B6E-2D29-4E45-9F49-121DEB87662A}.Release|Any CPU.Build.0 = Release|Any CPU
		{82D763FE-0364-43D0-B30D-C327B38787F5}.Debug|Any CPU.ActiveCfg = Debug|Any CPU
		{82D763FE-0364-43D0-B30D-C327B38787F5}.Debug|Any CPU.Build.0 = Debug|Any CPU
		{82D763FE-0364-43D0-B30D-C327B38787F5}.Release|Any CPU.ActiveCfg = Release|Any CPU
		{82D763FE-0364-43D0-B30D-C327B38787F5}.Release|Any CPU.Build.0 = Release|Any CPU
		{160740A5-90C5-4A59-B358-65A4185CC753}.Debug|Any CPU.ActiveCfg = Debug|Any CPU
		{160740A5-90C5-4A59-B358-65A4185CC753}.Debug|Any CPU.Build.0 = Debug|Any CPU
		{160740A5-90C5-4A59-B358-65A4185CC753}.Release|Any CPU.ActiveCfg = Release|Any CPU
		{160740A5-90C5-4A59-B358-65A4185CC753}.Release|Any CPU.Build.0 = Release|Any CPU
		{1DC2BF49-6257-4B95-895B-111DE7BA5A89}.Debug|Any CPU.ActiveCfg = Debug|Any CPU
		{1DC2BF49-6257-4B95-895B-111DE7BA5A89}.Debug|Any CPU.Build.0 = Debug|Any CPU
		{1DC2BF49-6257-4B95-895B-111DE7BA5A89}.Release|Any CPU.ActiveCfg = Release|Any CPU
		{1DC2BF49-6257-4B95-895B-111DE7BA5A89}.Release|Any CPU.Build.0 = Release|Any CPU
	EndGlobalSection
	GlobalSection(SolutionProperties) = preSolution
		HideSolutionNode = FALSE
	EndGlobalSection
	GlobalSection(ExtensibilityGlobals) = postSolution
		SolutionGuid = {47689B69-364A-484D-B177-079D76A81D67}
	EndGlobalSection
EndGlobal
